
Microsoft Visual Studio Solution File, Format Version 12.00
Project("{FAE04EC0-301F-11D3-BF4B-00C04F79EFBC}") = "T1", "T1.csproj", "{D25155F1-F575-400B-AB9F-99BE3C646974}"
EndProject
Global
	GlobalSection(SolutionConfigurationPlatforms) = preSolution
		Debug|Any CPU = Debug|Any CPU
		Release|Any CPU = Release|Any CPU
	EndGlobalSection
	GlobalSection(ProjectConfigurationPlatforms) = postSolution
		{D25155F1-F575-400B-AB9F-99BE3C646974}.Debug|Any CPU.ActiveCfg = Debug|Any CPU
		{D25155F1-F575-400B-AB9F-99BE3C646974}.Debug|Any CPU.Build.0 = Debug|Any CPU
		{D25155F1-F575-400B-AB9F-99BE3C646974}.Release|Any CPU.ActiveCfg = Release|Any CPU
		{D25155F1-F575-400B-AB9F-99BE3C646974}.Release|Any CPU.Build.0 = Release|Any CPU
	EndGlobalSection
EndGlobal
